// !$*UTF8*$!
{
	archiveVersion = 1;
	classes = {
	};
	objectVersion = 50;
	objects = {

/* Begin PBXBuildFile section */
		C0DFA354241573E4002E440F /* AppDelegate.swift in Sources */ = {isa = PBXBuildFile; fileRef = C0DFA353241573E4002E440F /* AppDelegate.swift */; };
		C0DFA356241573E4002E440F /* SceneDelegate.swift in Sources */ = {isa = PBXBuildFile; fileRef = C0DFA355241573E4002E440F /* SceneDelegate.swift */; };
		C0DFA358241573E4002E440F /* ViewController.swift in Sources */ = {isa = PBXBuildFile; fileRef = C0DFA357241573E4002E440F /* ViewController.swift */; };
		C0DFA35B241573E4002E440F /* Main.storyboard in Resources */ = {isa = PBXBuildFile; fileRef = C0DFA359241573E4002E440F /* Main.storyboard */; };
		C0DFA35D241573E5002E440F /* Assets.xcassets in Resources */ = {isa = PBXBuildFile; fileRef = C0DFA35C241573E5002E440F /* Assets.xcassets */; };
		C0DFA360241573E5002E440F /* LaunchScreen.storyboard in Resources */ = {isa = PBXBuildFile; fileRef = C0DFA35E241573E5002E440F /* LaunchScreen.storyboard */; };
		C0DFA36824157407002E440F /* NetworkController.swift in Sources */ = {isa = PBXBuildFile; fileRef = C0DFA36724157407002E440F /* NetworkController.swift */; };
		C0DFA36A24157A51002E440F /* APIKeys.swift in Sources */ = {isa = PBXBuildFile; fileRef = C0DFA36924157A51002E440F /* APIKeys.swift */; };
/* End PBXBuildFile section */

/* Begin PBXFileReference section */
		C0DFA350241573E4002E440F /* SmithsonianSearch.app */ = {isa = PBXFileReference; explicitFileType = wrapper.application; includeInIndex = 0; path = SmithsonianSearch.app; sourceTree = BUILT_PRODUCTS_DIR; };
		C0DFA353241573E4002E440F /* AppDelegate.swift */ = {isa = PBXFileReference; lastKnownFileType = sourcecode.swift; path = AppDelegate.swift; sourceTree = "<group>"; };
		C0DFA355241573E4002E440F /* SceneDelegate.swift */ = {isa = PBXFileReference; lastKnownFileType = sourcecode.swift; path = SceneDelegate.swift; sourceTree = "<group>"; };
		C0DFA357241573E4002E440F /* ViewController.swift */ = {isa = PBXFileReference; lastKnownFileType = sourcecode.swift; path = ViewController.swift; sourceTree = "<group>"; };
		C0DFA35A241573E4002E440F /* Base */ = {isa = PBXFileReference; lastKnownFileType = file.storyboard; name = Base; path = Base.lproj/Main.storyboard; sourceTree = "<group>"; };
		C0DFA35C241573E5002E440F /* Assets.xcassets */ = {isa = PBXFileReference; lastKnownFileType = folder.assetcatalog; path = Assets.xcassets; sourceTree = "<group>"; };
		C0DFA35F241573E5002E440F /* Base */ = {isa = PBXFileReference; lastKnownFileType = file.storyboard; name = Base; path = Base.lproj/LaunchScreen.storyboard; sourceTree = "<group>"; };
		C0DFA361241573E5002E440F /* Info.plist */ = {isa = PBXFileReference; lastKnownFileType = text.plist.xml; path = Info.plist; sourceTree = "<group>"; };
		C0DFA36724157407002E440F /* NetworkController.swift */ = {isa = PBXFileReference; lastKnownFileType = sourcecode.swift; path = NetworkController.swift; sourceTree = "<group>"; };
		C0DFA36924157A51002E440F /* APIKeys.swift */ = {isa = PBXFileReference; lastKnownFileType = sourcecode.swift; path = APIKeys.swift; sourceTree = "<group>"; };
/* End PBXFileReference section */

/* Begin PBXFrameworksBuildPhase section */
		C0DFA34D241573E4002E440F /* Frameworks */ = {
			isa = PBXFrameworksBuildPhase;
			buildActionMask = 2147483647;
			files = (
			);
			runOnlyForDeploymentPostprocessing = 0;
		};
/* End PBXFrameworksBuildPhase section */

/* Begin PBXGroup section */
		C0DFA347241573E4002E440F = {
			isa = PBXGroup;
			children = (
				C0DFA352241573E4002E440F /* SmithsonianSearch */,
				C0DFA351241573E4002E440F /* Products */,
			);
			sourceTree = "<group>";
		};
		C0DFA351241573E4002E440F /* Products */ = {
			isa = PBXGroup;
			children = (
				C0DFA350241573E4002E440F /* SmithsonianSearch.app */,
			);
			name = Products;
			sourceTree = "<group>";
		};
		C0DFA352241573E4002E440F /* SmithsonianSearch */ = {
			isa = PBXGroup;
			children = (
				C0DFA353241573E4002E440F /* AppDelegate.swift */,
				C0DFA355241573E4002E440F /* SceneDelegate.swift */,
				C0DFA357241573E4002E440F /* ViewController.swift */,
				C0DFA36724157407002E440F /* NetworkController.swift */,
				C0DFA36924157A51002E440F /* APIKeys.swift */,
				C0DFA359241573E4002E440F /* Main.storyboard */,
				C0DFA35C241573E5002E440F /* Assets.xcassets */,
				C0DFA35E241573E5002E440F /* LaunchScreen.storyboard */,
				C0DFA361241573E5002E440F /* Info.plist */,
			);
			path = SmithsonianSearch;
			sourceTree = "<group>";
		};
/* End PBXGroup section */

/* Begin PBXNativeTarget section */
		C0DFA34F241573E4002E440F /* SmithsonianSearch */ = {
			isa = PBXNativeTarget;
			buildConfigurationList = C0DFA364241573E5002E440F /* Build configuration list for PBXNativeTarget "SmithsonianSearch" */;
			buildPhases = (
				C0DFA34C241573E4002E440F /* Sources */,
				C0DFA34D241573E4002E440F /* Frameworks */,
				C0DFA34E241573E4002E440F /* Resources */,
			);
			buildRules = (
			);
			dependencies = (
			);
			name = SmithsonianSearch;
			productName = SmithsonianSearch;
			productReference = C0DFA350241573E4002E440F /* SmithsonianSearch.app */;
			productType = "com.apple.product-type.application";
		};
/* End PBXNativeTarget section */

/* Begin PBXProject section */
		C0DFA348241573E4002E440F /* Project object */ = {
			isa = PBXProject;
			attributes = {
				LastSwiftUpdateCheck = 1130;
				LastUpgradeCheck = 1130;
				ORGANIZATIONNAME = morse;
				TargetAttributes = {
					C0DFA34F241573E4002E440F = {
						CreatedOnToolsVersion = 11.3.1;
					};
				};
			};
			buildConfigurationList = C0DFA34B241573E4002E440F /* Build configuration list for PBXProject "SmithsonianSearch" */;
			compatibilityVersion = "Xcode 9.3";
			developmentRegion = en;
			hasScannedForEncodings = 0;
			knownRegions = (
				en,
				Base,
			);
			mainGroup = C0DFA347241573E4002E440F;
			productRefGroup = C0DFA351241573E4002E440F /* Products */;
			projectDirPath = "";
			projectRoot = "";
			targets = (
				C0DFA34F241573E4002E440F /* SmithsonianSearch */,
			);
		};
/* End PBXProject section */

/* Begin PBXResourcesBuildPhase section */
		C0DFA34E241573E4002E440F /* Resources */ = {
			isa = PBXResourcesBuildPhase;
			buildActionMask = 2147483647;
			files = (
				C0DFA360241573E5002E440F /* LaunchScreen.storyboard in Resources */,
				C0DFA35D241573E5002E440F /* Assets.xcassets in Resources */,
				C0DFA35B241573E4002E440F /* Main.storyboard in Resources */,
			);
			runOnlyForDeploymentPostprocessing = 0;
		};
/* End PBXResourcesBuildPhase section */

/* Begin PBXSourcesBuildPhase section */
		C0DFA34C241573E4002E440F /* Sources */ = {
			isa = PBXSourcesBuildPhase;
			buildActionMask = 2147483647;
			files = (
				C0DFA36824157407002E440F /* NetworkController.swift in Sources */,
				C0DFA36A24157A51002E440F /* APIKeys.swift in Sources */,
				C0DFA358241573E4002E440F /* ViewController.swift in Sources */,
				C0DFA354241573E4002E440F /* AppDelegate.swift in Sources */,
				C0DFA356241573E4002E440F /* SceneDelegate.swift in Sources */,
			);
			runOnlyForDeploymentPostprocessing = 0;
		};
/* End PBXSourcesBuildPhase section */

/* Begin PBXVariantGroup section */
		C0DFA359241573E4002E440F /* Main.storyboard */ = {
			isa = PBXVariantGroup;
			children = (
				C0DFA35A241573E4002E440F /* Base */,
			);
			name = Main.storyboard;
			sourceTree = "<group>";
		};
		C0DFA35E241573E5002E440F /* LaunchScreen.storyboard */ = {
			isa = PBXVariantGroup;
			children = (
				C0DFA35F241573E5002E440F /* Base */,
			);
			name = LaunchScreen.storyboard;
			sourceTree = "<group>";
		};
/* End PBXVariantGroup section */

/* Begin XCBuildConfiguration section */
		C0DFA362241573E5002E440F /* Debug */ = {
			isa = XCBuildConfiguration;
			buildSettings = {
				ALWAYS_SEARCH_USER_PATHS = NO;
				CLANG_ANALYZER_NONNULL = YES;
				CLANG_ANALYZER_NUMBER_OBJECT_CONVERSION = YES_AGGRESSIVE;
				CLANG_CXX_LANGUAGE_STANDARD = "gnu++14";
				CLANG_CXX_LIBRARY = "libc++";
				CLANG_ENABLE_MODULES = YES;
				CLANG_ENABLE_OBJC_ARC = YES;
				CLANG_ENABLE_OBJC_WEAK = YES;
				CLANG_WARN_BLOCK_CAPTURE_AUTORELEASING = YES;
				CLANG_WARN_BOOL_CONVERSION = YES;
				CLANG_WARN_COMMA = YES;
				CLANG_WARN_CONSTANT_CONVERSION = YES;
				CLANG_WARN_DEPRECATED_OBJC_IMPLEMENTATIONS = YES;
				CLANG_WARN_DIRECT_OBJC_ISA_USAGE = YES_ERROR;
				CLANG_WARN_DOCUMENTATION_COMMENTS = YES;
				CLANG_WARN_EMPTY_BODY = YES;
				CLANG_WARN_ENUM_CONVERSION = YES;
				CLANG_WARN_INFINITE_RECURSION = YES;
				CLANG_WARN_INT_CONVERSION = YES;
				CLANG_WARN_NON_LITERAL_NULL_CONVERSION = YES;
				CLANG_WARN_OBJC_IMPLICIT_RETAIN_SELF = YES;
				CLANG_WARN_OBJC_LITERAL_CONVERSION = YES;
				CLANG_WARN_OBJC_ROOT_CLASS = YES_ERROR;
				CLANG_WARN_RANGE_LOOP_ANALYSIS = YES;
				CLANG_WARN_STRICT_PROTOTYPES = YES;
				CLANG_WARN_SUSPICIOUS_MOVE = YES;
				CLANG_WARN_UNGUARDED_AVAILABILITY = YES_AGGRESSIVE;
				CLANG_WARN_UNREACHABLE_CODE = YES;
				CLANG_WARN__DUPLICATE_METHOD_MATCH = YES;
				COPY_PHASE_STRIP = NO;
				DEBUG_INFORMATION_FORMAT = dwarf;
				ENABLE_STRICT_OBJC_MSGSEND = YES;
				ENABLE_TESTABILITY = YES;
				GCC_C_LANGUAGE_STANDARD = gnu11;
				GCC_DYNAMIC_NO_PIC = NO;
				GCC_NO_COMMON_BLOCKS = YES;
				GCC_OPTIMIZATION_LEVEL = 0;
				GCC_PREPROCESSOR_DEFINITIONS = (
					"DEBUG=1",
					"$(inherited)",
				);
				GCC_WARN_64_TO_32_BIT_CONVERSION = YES;
				GCC_WARN_ABOUT_RETURN_TYPE = YES_ERROR;
				GCC_WARN_UNDECLARED_SELECTOR = YES;
				GCC_WARN_UNINITIALIZED_AUTOS = YES_AGGRESSIVE;
				GCC_WARN_UNUSED_FUNCTION = YES;
				GCC_WARN_UNUSED_VARIABLE = YES;
				IPHONEOS_DEPLOYMENT_TARGET = 13.2;
				MTL_ENABLE_DEBUG_INFO = INCLUDE_SOURCE;
				MTL_FAST_MATH = YES;
				ONLY_ACTIVE_ARCH = YES;
				SDKROOT = iphoneos;
				SWIFT_ACTIVE_COMPILATION_CONDITIONS = DEBUG;
				SWIFT_OPTIMIZATION_LEVEL = "-Onone";
			};
			name = Debug;
		};
		C0DFA363241573E5002E440F /* Release */ = {
			isa = XCBuildConfiguration;
			buildSettings = {
				ALWAYS_SEARCH_USER_PATHS = NO;
				CLANG_ANALYZER_NONNULL = YES;
				CLANG_ANALYZER_NUMBER_OBJECT_CONVERSION = YES_AGGRESSIVE;
				CLANG_CXX_LANGUAGE_STANDARD = "gnu++14";
				CLANG_CXX_LIBRARY = "libc++";
				CLANG_ENABLE_MODULES = YES;
				CLANG_ENABLE_OBJC_ARC = YES;
				CLANG_ENABLE_OBJC_WEAK = YES;
				CLANG_WARN_BLOCK_CAPTURE_AUTORELEASING = YES;
				CLANG_WARN_BOOL_CONVERSION = YES;
				CLANG_WARN_COMMA = YES;
				CLANG_WARN_CONSTANT_CONVERSION = YES;
				CLANG_WARN_DEPRECATED_OBJC_IMPLEMENTATIONS = YES;
				CLANG_WARN_DIRECT_OBJC_ISA_USAGE = YES_ERROR;
				CLANG_WARN_DOCUMENTATION_COMMENTS = YES;
				CLANG_WARN_EMPTY_BODY = YES;
				CLANG_WARN_ENUM_CONVERSION = YES;
				CLANG_WARN_INFINITE_RECURSION = YES;
				CLANG_WARN_INT_CONVERSION = YES;
				CLANG_WARN_NON_LITERAL_NULL_CONVERSION = YES;
				CLANG_WARN_OBJC_IMPLICIT_RETAIN_SELF = YES;
				CLANG_WARN_OBJC_LITERAL_CONVERSION = YES;
				CLANG_WARN_OBJC_ROOT_CLASS = YES_ERROR;
				CLANG_WARN_RANGE_LOOP_ANALYSIS = YES;
				CLANG_WARN_STRICT_PROTOTYPES = YES;
				CLANG_WARN_SUSPICIOUS_MOVE = YES;
				CLANG_WARN_UNGUARDED_AVAILABILITY = YES_AGGRESSIVE;
				CLANG_WARN_UNREACHABLE_CODE = YES;
				CLANG_WARN__DUPLICATE_METHOD_MATCH = YES;
				COPY_PHASE_STRIP = NO;
				DEBUG_INFORMATION_FORMAT = "dwarf-with-dsym";
				ENABLE_NS_ASSERTIONS = NO;
				ENABLE_STRICT_OBJC_MSGSEND = YES;
				GCC_C_LANGUAGE_STANDARD = gnu11;
				GCC_NO_COMMON_BLOCKS = YES;
				GCC_WARN_64_TO_32_BIT_CONVERSION = YES;
				GCC_WARN_ABOUT_RETURN_TYPE = YES_ERROR;
				GCC_WARN_UNDECLARED_SELECTOR = YES;
				GCC_WARN_UNINITIALIZED_AUTOS = YES_AGGRESSIVE;
				GCC_WARN_UNUSED_FUNCTION = YES;
				GCC_WARN_UNUSED_VARIABLE = YES;
				IPHONEOS_DEPLOYMENT_TARGET = 13.2;
				MTL_ENABLE_DEBUG_INFO = NO;
				MTL_FAST_MATH = YES;
				SDKROOT = iphoneos;
				SWIFT_COMPILATION_MODE = wholemodule;
				SWIFT_OPTIMIZATION_LEVEL = "-O";
				VALIDATE_PRODUCT = YES;
			};
			name = Release;
		};
		C0DFA365241573E5002E440F /* Debug */ = {
			isa = XCBuildConfiguration;
			buildSettings = {
				ASSETCATALOG_COMPILER_APPICON_NAME = AppIcon;
				CODE_SIGN_STYLE = Automatic;
				INFOPLIST_FILE = SmithsonianSearch/Info.plist;
				LD_RUNPATH_SEARCH_PATHS = (
					"$(inherited)",
					"@executable_path/Frameworks",
				);
				PRODUCT_BUNDLE_IDENTIFIER = git.SmithsonianSearch;
				PRODUCT_NAME = "$(TARGET_NAME)";
				SWIFT_VERSION = 5.0;
				TARGETED_DEVICE_FAMILY = "1,2";
			};
			name = Debug;
		};
		C0DFA366241573E5002E440F /* Release */ = {
			isa = XCBuildConfiguration;
			buildSettings = {
				ASSETCATALOG_COMPILER_APPICON_NAME = AppIcon;
				CODE_SIGN_STYLE = Automatic;
				INFOPLIST_FILE = SmithsonianSearch/Info.plist;
				LD_RUNPATH_SEARCH_PATHS = (
					"$(inherited)",
					"@executable_path/Frameworks",
				);
				PRODUCT_BUNDLE_IDENTIFIER = git.SmithsonianSearch;
				PRODUCT_NAME = "$(TARGET_NAME)";
				SWIFT_VERSION = 5.0;
				TARGETED_DEVICE_FAMILY = "1,2";
			};
			name = Release;
		};
/* End XCBuildConfiguration section */

/* Begin XCConfigurationList section */
		C0DFA34B241573E4002E440F /* Build configuration list for PBXProject "SmithsonianSearch" */ = {
			isa = XCConfigurationList;
			buildConfigurations = (
				C0DFA362241573E5002E440F /* Debug */,
				C0DFA363241573E5002E440F /* Release */,
			);
			defaultConfigurationIsVisible = 0;
			defaultConfigurationName = Release;
		};
		C0DFA364241573E5002E440F /* Build configuration list for PBXNativeTarget "SmithsonianSearch" */ = {
			isa = XCConfigurationList;
			buildConfigurations = (
				C0DFA365241573E5002E440F /* Debug */,
				C0DFA366241573E5002E440F /* Release */,
			);
			defaultConfigurationIsVisible = 0;
			defaultConfigurationName = Release;
		};
/* End XCConfigurationList section */
	};
	rootObject = C0DFA348241573E4002E440F /* Project object */;
}
